// !$*UTF8*$!
{
	archiveVersion = 1;
	classes = {
	};
	objectVersion = 46;
	objects = {

/* Begin PBXBuildFile section */
		F326C0391CF773C000DBDD0F /* AppDelegate.swift in Sources */ = {isa = PBXBuildFile; fileRef = F326C0381CF773C000DBDD0F /* AppDelegate.swift */; };
		F326C03B1CF773C000DBDD0F /* ViewController.swift in Sources */ = {isa = PBXBuildFile; fileRef = F326C03A1CF773C000DBDD0F /* ViewController.swift */; };
		F326C03E1CF773C000DBDD0F /* Main.storyboard in Resources */ = {isa = PBXBuildFile; fileRef = F326C03C1CF773C000DBDD0F /* Main.storyboard */; };
		F326C0401CF773C000DBDD0F /* Assets.xcassets in Resources */ = {isa = PBXBuildFile; fileRef = F326C03F1CF773C000DBDD0F /* Assets.xcassets */; };
		F326C0431CF773C000DBDD0F /* LaunchScreen.storyboard in Resources */ = {isa = PBXBuildFile; fileRef = F326C0411CF773C000DBDD0F /* LaunchScreen.storyboard */; };
		F326C04B1CF7934300DBDD0F /* FactModel.swift in Sources */ = {isa = PBXBuildFile; fileRef = F326C04A1CF7934300DBDD0F /* FactModel.swift */; };
		F326C04D1CF7A5B700DBDD0F /* ColorModel.swift in Sources */ = {isa = PBXBuildFile; fileRef = F326C04C1CF7A5B700DBDD0F /* ColorModel.swift */; };
/* End PBXBuildFile section */

/* Begin PBXFileReference section */
		F326C0351CF773C000DBDD0F /* FunFacts.app */ = {isa = PBXFileReference; explicitFileType = wrapper.application; includeInIndex = 0; path = FunFacts.app; sourceTree = BUILT_PRODUCTS_DIR; };
		F326C0381CF773C000DBDD0F /* AppDelegate.swift */ = {isa = PBXFileReference; lastKnownFileType = sourcecode.swift; path = AppDelegate.swift; sourceTree = "<group>"; };
		F326C03A1CF773C000DBDD0F /* ViewController.swift */ = {isa = PBXFileReference; lastKnownFileType = sourcecode.swift; path = ViewController.swift; sourceTree = "<group>"; };
		F326C03D1CF773C000DBDD0F /* Base */ = {isa = PBXFileReference; lastKnownFileType = file.storyboard; name = Base; path = Base.lproj/Main.storyboard; sourceTree = "<group>"; };
		F326C03F1CF773C000DBDD0F /* Assets.xcassets */ = {isa = PBXFileReference; lastKnownFileType = folder.assetcatalog; path = Assets.xcassets; sourceTree = "<group>"; };
		F326C0421CF773C000DBDD0F /* Base */ = {isa = PBXFileReference; lastKnownFileType = file.storyboard; name = Base; path = Base.lproj/LaunchScreen.storyboard; sourceTree = "<group>"; };
		F326C0441CF773C000DBDD0F /* Info.plist */ = {isa = PBXFileReference; lastKnownFileType = text.plist.xml; path = Info.plist; sourceTree = "<group>"; };
		F326C04A1CF7934300DBDD0F /* FactModel.swift */ = {isa = PBXFileReference; fileEncoding = 4; lastKnownFileType = sourcecode.swift; path = FactModel.swift; sourceTree = "<group>"; };
		F326C04C1CF7A5B700DBDD0F /* ColorModel.swift */ = {isa = PBXFileReference; fileEncoding = 4; lastKnownFileType = sourcecode.swift; path = ColorModel.swift; sourceTree = "<group>"; };
/* End PBXFileReference section */

/* Begin PBXFrameworksBuildPhase section */
		F326C0321CF773C000DBDD0F /* Frameworks */ = {
			isa = PBXFrameworksBuildPhase;
			buildActionMask = 2147483647;
			files = (
			);
			runOnlyForDeploymentPostprocessing = 0;
		};
/* End PBXFrameworksBuildPhase section */

/* Begin PBXGroup section */
		F326C02C1CF773C000DBDD0F = {
			isa = PBXGroup;
			children = (
				F326C0371CF773C000DBDD0F /* FunFacts */,
				F326C0361CF773C000DBDD0F /* Products */,
			);
			sourceTree = "<group>";
		};
		F326C0361CF773C000DBDD0F /* Products */ = {
			isa = PBXGroup;
			children = (
				F326C0351CF773C000DBDD0F /* FunFacts.app */,
			);
			name = Products;
			sourceTree = "<group>";
		};
		F326C0371CF773C000DBDD0F /* FunFacts */ = {
			isa = PBXGroup;
			children = (
				F326C0381CF773C000DBDD0F /* AppDelegate.swift */,
				F326C03A1CF773C000DBDD0F /* ViewController.swift */,
				F326C04C1CF7A5B700DBDD0F /* ColorModel.swift */,
				F326C04A1CF7934300DBDD0F /* FactModel.swift */,
				F326C03C1CF773C000DBDD0F /* Main.storyboard */,
				F326C03F1CF773C000DBDD0F /* Assets.xcassets */,
				F326C0411CF773C000DBDD0F /* LaunchScreen.storyboard */,
				F326C0441CF773C000DBDD0F /* Info.plist */,
			);
			path = FunFacts;
			sourceTree = "<group>";
		};
/* End PBXGroup section */

/* Begin PBXNativeTarget section */
		F326C0341CF773C000DBDD0F /* FunFacts */ = {
			isa = PBXNativeTarget;
			buildConfigurationList = F326C0471CF773C000DBDD0F /* Build configuration list for PBXNativeTarget "FunFacts" */;
			buildPhases = (
				F326C0311CF773C000DBDD0F /* Sources */,
				F326C0321CF773C000DBDD0F /* Frameworks */,
				F326C0331CF773C000DBDD0F /* Resources */,
			);
			buildRules = (
			);
			dependencies = (
			);
			name = FunFacts;
			productName = FunFacts;
			productReference = F326C0351CF773C000DBDD0F /* FunFacts.app */;
			productType = "com.apple.product-type.application";
		};
/* End PBXNativeTarget section */

/* Begin PBXProject section */
		F326C02D1CF773C000DBDD0F /* Project object */ = {
			isa = PBXProject;
			attributes = {
				LastSwiftUpdateCheck = 0730;
				LastUpgradeCheck = 0730;
				ORGANIZATIONNAME = "Jon Bachelor";
				TargetAttributes = {
					F326C0341CF773C000DBDD0F = {
						CreatedOnToolsVersion = 7.3.1;
						DevelopmentTeam = KFLNENS369;
					};
				};
			};
			buildConfigurationList = F326C0301CF773C000DBDD0F /* Build configuration list for PBXProject "FunFacts" */;
			compatibilityVersion = "Xcode 3.2";
			developmentRegion = English;
			hasScannedForEncodings = 0;
			knownRegions = (
				en,
				Base,
			);
			mainGroup = F326C02C1CF773C000DBDD0F;
			productRefGroup = F326C0361CF773C000DBDD0F /* Products */;
			projectDirPath = "";
			projectRoot = "";
			targets = (
				F326C0341CF773C000DBDD0F /* FunFacts */,
			);
		};
/* End PBXProject section */

/* Begin PBXResourcesBuildPhase section */
		F326C0331CF773C000DBDD0F /* Resources */ = {
			isa = PBXResourcesBuildPhase;
			buildActionMask = 2147483647;
			files = (
				F326C0431CF773C000DBDD0F /* LaunchScreen.storyboard in Resources */,
				F326C0401CF773C000DBDD0F /* Assets.xcassets in Resources */,
				F326C03E1CF773C000DBDD0F /* Main.storyboard in Resources */,
			);
			runOnlyForDeploymentPostprocessing = 0;
		};
/* End PBXResourcesBuildPhase section */

/* Begin PBXSourcesBuildPhase section */
		F326C0311CF773C000DBDD0F /* Sources */ = {
			isa = PBXSourcesBuildPhase;
			buildActionMask = 2147483647;
			files = (
				F326C04B1CF7934300DBDD0F /* FactModel.swift in Sources */,
				F326C03B1CF773C000DBDD0F /* ViewController.swift in Sources */,
				F326C0391CF773C000DBDD0F /* AppDelegate.swift in Sources */,
				F326C04D1CF7A5B700DBDD0F /* ColorModel.swift in Sources */,
			);
			runOnlyForDeploymentPostprocessing = 0;
		};
/* End PBXSourcesBuildPhase section */

/* Begin PBXVariantGroup section */
		F326C03C1CF773C000DBDD0F /* Main.storyboard */ = {
			isa = PBXVariantGroup;
			children = (
				F326C03D1CF773C000DBDD0F /* Base */,
			);
			name = Main.storyboard;
			sourceTree = "<group>";
		};
		F326C0411CF773C000DBDD0F /* LaunchScreen.storyboard */ = {
			isa = PBXVariantGroup;
			children = (
				F326C0421CF773C000DBDD0F /* Base */,
			);
			name = LaunchScreen.storyboard;
			sourceTree = "<group>";
		};
/* End PBXVariantGroup section */

/* Begin XCBuildConfiguration section */
		F326C0451CF773C000DBDD0F /* Debug */ = {
			isa = XCBuildConfiguration;
			buildSettings = {
				ALWAYS_SEARCH_USER_PATHS = NO;
				CLANG_ANALYZER_NONNULL = YES;
				CLANG_CXX_LANGUAGE_STANDARD = "gnu++0x";
				CLANG_CXX_LIBRARY = "libc++";
				CLANG_ENABLE_MODULES = YES;
				CLANG_ENABLE_OBJC_ARC = YES;
				CLANG_WARN_BOOL_CONVERSION = YES;
				CLANG_WARN_CONSTANT_CONVERSION = YES;
				CLANG_WARN_DIRECT_OBJC_ISA_USAGE = YES_ERROR;
				CLANG_WARN_EMPTY_BODY = YES;
				CLANG_WARN_ENUM_CONVERSION = YES;
				CLANG_WARN_INT_CONVERSION = YES;
				CLANG_WARN_OBJC_ROOT_CLASS = YES_ERROR;
				CLANG_WARN_UNREACHABLE_CODE = YES;
				CLANG_WARN__DUPLICATE_METHOD_MATCH = YES;
				"CODE_SIGN_IDENTITY[sdk=iphoneos*]" = "iPhone Developer";
				COPY_PHASE_STRIP = NO;
				DEBUG_INFORMATION_FORMAT = dwarf;
				ENABLE_STRICT_OBJC_MSGSEND = YES;
				ENABLE_TESTABILITY = YES;
				GCC_C_LANGUAGE_STANDARD = gnu99;
				GCC_DYNAMIC_NO_PIC = NO;
				GCC_NO_COMMON_BLOCKS = YES;
				GCC_OPTIMIZATION_LEVEL = 0;
				GCC_PREPROCESSOR_DEFINITIONS = (
					"DEBUG=1",
					"$(inherited)",
				);
				GCC_WARN_64_TO_32_BIT_CONVERSION = YES;
				GCC_WARN_ABOUT_RETURN_TYPE = YES_ERROR;
				GCC_WARN_UNDECLARED_SELECTOR = YES;
				GCC_WARN_UNINITIALIZED_AUTOS = YES_AGGRESSIVE;
				GCC_WARN_UNUSED_FUNCTION = YES;
				GCC_WARN_UNUSED_VARIABLE = YES;
				IPHONEOS_DEPLOYMENT_TARGET = 9.3;
				MTL_ENABLE_DEBUG_INFO = YES;
				ONLY_ACTIVE_ARCH = YES;
				SDKROOT = iphoneos;
				SWIFT_OPTIMIZATION_LEVEL = "-Onone";
			};
			name = Debug;
		};
		F326C0461CF773C000DBDD0F /* Release */ = {
			isa = XCBuildConfiguration;
			buildSettings = {
				ALWAYS_SEARCH_USER_PATHS = NO;
				CLANG_ANALYZER_NONNULL = YES;
				CLANG_CXX_LANGUAGE_STANDARD = "gnu++0x";
				CLANG_CXX_LIBRARY = "libc++";
				CLANG_ENABLE_MODULES = YES;
				CLANG_ENABLE_OBJC_ARC = YES;
				CLANG_WARN_BOOL_CONVERSION = YES;
				CLANG_WARN_CONSTANT_CONVERSION = YES;
				CLANG_WARN_DIRECT_OBJC_ISA_USAGE = YES_ERROR;
				CLANG_WARN_EMPTY_BODY = YES;
				CLANG_WARN_ENUM_CONVERSION = YES;
				CLANG_WARN_INT_CONVERSION = YES;
				CLANG_WARN_OBJC_ROOT_CLASS = YES_ERROR;
				CLANG_WARN_UNREACHABLE_CODE = YES;
				CLANG_WARN__DUPLICATE_METHOD_MATCH = YES;
				"CODE_SIGN_IDENTITY[sdk=iphoneos*]" = "iPhone Developer";
				COPY_PHASE_STRIP = NO;
				DEBUG_INFORMATION_FORMAT = "dwarf-with-dsym";
				ENABLE_NS_ASSERTIONS = NO;
				ENABLE_STRICT_OBJC_MSGSEND = YES;
				GCC_C_LANGUAGE_STANDARD = gnu99;
				GCC_NO_COMMON_BLOCKS = YES;
				GCC_WARN_64_TO_32_BIT_CONVERSION = YES;
				GCC_WARN_ABOUT_RETURN_TYPE = YES_ERROR;
				GCC_WARN_UNDECLARED_SELECTOR = YES;
				GCC_WARN_UNINITIALIZED_AUTOS = YES_AGGRESSIVE;
				GCC_WARN_UNUSED_FUNCTION = YES;
				GCC_WARN_UNUSED_VARIABLE = YES;
				IPHONEOS_DEPLOYMENT_TARGET = 9.3;
				MTL_ENABLE_DEBUG_INFO = NO;
				SDKROOT = iphoneos;
				VALIDATE_PRODUCT = YES;
			};
			name = Release;
		};
		F326C0481CF773C000DBDD0F /* Debug */ = {
			isa = XCBuildConfiguration;
			buildSettings = {
				ASSETCATALOG_COMPILER_APPICON_NAME = AppIcon;
				INFOPLIST_FILE = FunFacts/Info.plist;
				LD_RUNPATH_SEARCH_PATHS = "$(inherited) @executable_path/Frameworks";
				PRODUCT_BUNDLE_IDENTIFIER = com.jonbachelor.FunFacts;
				PRODUCT_NAME = "$(TARGET_NAME)";
			};
			name = Debug;
		};
		F326C0491CF773C000DBDD0F /* Release */ = {
			isa = XCBuildConfiguration;
			buildSettings = {
				ASSETCATALOG_COMPILER_APPICON_NAME = AppIcon;
				INFOPLIST_FILE = FunFacts/Info.plist;
				LD_RUNPATH_SEARCH_PATHS = "$(inherited) @executable_path/Frameworks";
				PRODUCT_BUNDLE_IDENTIFIER = com.jonbachelor.FunFacts;
				PRODUCT_NAME = "$(TARGET_NAME)";
			};
			name = Release;
		};
/* End XCBuildConfiguration section */

/* Begin XCConfigurationList section */
		F326C0301CF773C000DBDD0F /* Build configuration list for PBXProject "FunFacts" */ = {
			isa = XCConfigurationList;
			buildConfigurations = (
				F326C0451CF773C000DBDD0F /* Debug */,
				F326C0461CF773C000DBDD0F /* Release */,
			);
			defaultConfigurationIsVisible = 0;
			defaultConfigurationName = Release;
		};
		F326C0471CF773C000DBDD0F /* Build configuration list for PBXNativeTarget "FunFacts" */ = {
			isa = XCConfigurationList;
			buildConfigurations = (
				F326C0481CF773C000DBDD0F /* Debug */,
				F326C0491CF773C000DBDD0F /* Release */,
			);
			defaultConfigurationIsVisible = 0;
		};
/* End XCConfigurationList section */
	};
	rootObject = F326C02D1CF773C000DBDD0F /* Project object */;
}
